{
  "originHash" : "dbc26354c55f220b7d5ea04ea62314f07a8d6038d9e3c444905c97e701bbfa4f",
  "pins" : [
    {
      "identity" : "nugget-sdk-ios",
      "kind" : "remoteSourceControl",
      "location" : "https://github.com/Zomato-Nugget/nugget-sdk-ios",
      "state" : {
        "revision" : "4a207f5b4bb614139f251eddc61d2d4e2050430c",
        "version" : "4.5.23"
      }
    }
  ],
  "version" : 3
}
