{
  "originHash" : "dbc26354c55f220b7d5ea04ea62314f07a8d6038d9e3c444905c97e701bbfa4f",
  "pins" : [
    {
      "identity" : "nugget-sdk-ios",
      "kind" : "remoteSourceControl",
      "location" : "https://github.com/Zomato-Nugget/nugget-sdk-ios",
      "state" : {
        "revision" : "e61bd0dcc5a0232132a7a5658730b8934873472f",
        "version" : "4.5.32"
      }
    }
  ],
  "version" : 3
}
