{
  "object": {
    "pins": [
      {
        "package": "Alamofire",
        "repositoryURL": "https://github.com/Alamofire/Alamofire.git",
        "state": {
          "branch": null,
          "revision": "513364f870f6bfc468f9d2ff0a95caccc10044c5",
          "version": "5.10.2"
        }
      },
      {
        "package": "JTAppleCalendar",
        "repositoryURL": "https://github.com/patchthecode/JTAppleCalendar",
        "state": {
          "branch": null,
          "revision": "718f0ab68ba0fcd2bc134f6e9d30edc1b9b038e1",
          "version": "8.0.5"
        }
      },
      {
        "package": "Nuke",
        "repositoryURL": "https://github.com/kean/Nuke.git",
        "state": {
          "branch": null,
          "revision": "0ead44350d2737db384908569c012fe67c421e4d",
          "version": "12.8.0"
        }
      },
      {
        "package": "ZMarkupParser",
        "repositoryURL": "https://github.com/BudhirajaRajesh/ZMarkupParser.git",
        "state": {
          "branch": null,
          "revision": "1a8d300c5535510e54c2881e8de610ff84365608",
          "version": "2.0.0"
        }
      },
      {
        "package": "ZNSTextAttachment",
        "repositoryURL": "https://github.com/BudhirajaRajesh/ZNSTextAttachment",
        "state": {
          "branch": null,
          "revision": "5cbc12dfb3603ff613de51040c42c5a5adfc16dc",
          "version": "2.0.0"
        }
      }
    ]
  },
  "version": 1
}
