PODS:
  - Alamofire (5.10.2)
  - JTAppleCalendar (8.0.5)
  - NuggetSDK (0.1.0):
    - Alamofire (~> 5.10.2)
    - JTAppleCalendar (= 8.0.5)
    - Nuke (= 10.7.1)
  - Nuke (10.7.1)

DEPENDENCIES:
  - NuggetSDK (from `.`)

SPEC REPOS:
  trunk:
    - Alamofire
    - JTAppleCalendar
    - Nuke

EXTERNAL SOURCES:
  NuggetSDK:
    :path: "."

SPEC CHECKSUMS:
  Alamofire: 7193b3b92c74a07f85569e1a6c4f4237291e7496
  JTAppleCalendar: 16c6501b22cb27520372c28b0a2e0b12c8d0cd73
  NuggetSDK: 68b01e44ee9ce76235c8c35950f0c688c032cf3e
  Nuke: 279f17a599fd1c83cf51de5e0e1f2db143a287b0

PODFILE CHECKSUM: 5765c1aa15df20351651aac97b8ac4f4292de713

COCOAPODS: 1.16.2
